
Microsoft Visual Studio Solution File, Format Version 12.00
# Visual Studio 15
VisualStudioVersion = 15.0.26730.15
MinimumVisualStudioVersion = 10.0.40219.1
Project("{E24C65DC-7377-472B-9ABA-BC803B73C61A}") = "test_web", "..\..\WebSites\test_web\", "{692DBECC-3A8C-4B52-B9DF-69A94C401593}"
	ProjectSection(WebsiteProperties) = preProject
		TargetFrameworkMoniker = ".NETFramework,Version%3Dv4.6.1"
		Debug.AspNetCompiler.VirtualPath = "/localhost_4162"
		Debug.AspNetCompiler.PhysicalPath = "..\..\WebSites\test_web\"
		Debug.AspNetCompiler.TargetPath = "PrecompiledWeb\localhost_4162\"
		Debug.AspNetCompiler.Updateable = "true"
		Debug.AspNetCompiler.ForceOverwrite = "true"
		Debug.AspNetCompiler.FixedNames = "false"
		Debug.AspNetCompiler.Debug = "True"
		Release.AspNetCompiler.VirtualPath = "/localhost_4162"
		Release.AspNetCompiler.PhysicalPath = "..\..\WebSites\test_web\"
		Release.AspNetCompiler.TargetPath = "PrecompiledWeb\localhost_4162\"
		Release.AspNetCompiler.Updateable = "true"
		Release.AspNetCompiler.ForceOverwrite = "true"
		Release.AspNetCompiler.FixedNames = "false"
		Release.AspNetCompiler.Debug = "False"
		VWDPort = "4162"
		SlnRelativePath = "..\..\WebSites\test_web\"
		DefaultWebSiteLanguage = "Visual C#"
	EndProjectSection
EndProject
Global
	GlobalSection(SolutionConfigurationPlatforms) = preSolution
		Debug|Any CPU = Debug|Any CPU
	EndGlobalSection
	GlobalSection(ProjectConfigurationPlatforms) = postSolution
		{692DBECC-3A8C-4B52-B9DF-69A94C401593}.Debug|Any CPU.ActiveCfg = Debug|Any CPU
		{692DBECC-3A8C-4B52-B9DF-69A94C401593}.Debug|Any CPU.Build.0 = Debug|Any CPU
	EndGlobalSection
	GlobalSection(SolutionProperties) = preSolution
		HideSolutionNode = FALSE
	EndGlobalSection
	GlobalSection(ExtensibilityGlobals) = postSolution
		SolutionGuid = {B2FC8013-931F-4A0F-8DDC-DAE65C83A9F7}
	EndGlobalSection
EndGlobal
